
Microsoft Visual Studio Solution File, Format Version 12.00
Project("{2150E333-8FDC-42A3-9474-1A3956D46DE8}") = "AuthService", "AuthService", "{8C5C2D6F-39DE-43AB-A828-C6F4F74013D8}"
EndProject
Project("{2150E333-8FDC-42A3-9474-1A3956D46DE8}") = "Solution Items", "Solution Items", "{E8EED86F-5F08-441E-A998-FA573269D279}"
EndProject
Project("{FAE04EC0-301F-11D3-BF4B-00C04F79EFBC}") = "AuthService", "AuthService\AuthService\AuthService.csproj", "{48B6A489-A846-4E67-8EBD-9E3898B9D004}"
EndProject
Project("{FAE04EC0-301F-11D3-BF4B-00C04F79EFBC}") = "Domain", "AuthService\Domain\Domain.csproj", "{70C5A13B-8E0A-44D1-A1B4-81277458A785}"
EndProject
Project("{FAE04EC0-301F-11D3-BF4B-00C04F79EFBC}") = "Infrastructure", "AuthService\Infrastructure\Infrastructure.csproj", "{AD9970CB-C571-47BB-9B08-9C13F3A7FFFB}"
EndProject
Project("{FAE04EC0-301F-11D3-BF4B-00C04F79EFBC}") = "ProjectBase", "ProjectBase\ProjectBase.csproj", "{842E221B-A86E-4A43-B700-9303B6199AE7}"
EndProject
Project("{FAE04EC0-301F-11D3-BF4B-00C04F79EFBC}") = "Application", "AuthService\Application\Application.csproj", "{9F1809B9-766F-46E1-ACC8-C8943763C9D8}"
EndProject
Project("{2150E333-8FDC-42A3-9474-1A3956D46DE8}") = "BookService", "BookService", "{3E0C6B14-0E15-498C-8087-46447347121A}"
EndProject
Project("{FAE04EC0-301F-11D3-BF4B-00C04F79EFBC}") = "Application", "BookService\Application\Application.csproj", "{E3B6B1EB-2D04-4F0B-A88F-55AAEBB39604}"
EndProject
Project("{FAE04EC0-301F-11D3-BF4B-00C04F79EFBC}") = "Domain", "BookService\Domain\Domain.csproj", "{D6154757-D59A-4847-B918-BB1490763DD6}"
EndProject
Project("{FAE04EC0-301F-11D3-BF4B-00C04F79EFBC}") = "Infrastructure", "BookService\Infrastructure\Infrastructure.csproj", "{32F5B4FF-19D9-4DFA-B649-FC3CBA62A26A}"
EndProject
Project("{FAE04EC0-301F-11D3-BF4B-00C04F79EFBC}") = "BookApi", "BookService\BookApi\BookApi.csproj", "{AC22C5C8-46A3-48E5-9EC1-13B8C46FE6D1}"
EndProject
Global
	GlobalSection(SolutionConfigurationPlatforms) = preSolution
		Debug|Any CPU = Debug|Any CPU
		Release|Any CPU = Release|Any CPU
	EndGlobalSection
	GlobalSection(NestedProjects) = preSolution
		{48B6A489-A846-4E67-8EBD-9E3898B9D004} = {8C5C2D6F-39DE-43AB-A828-C6F4F74013D8}
		{70C5A13B-8E0A-44D1-A1B4-81277458A785} = {8C5C2D6F-39DE-43AB-A828-C6F4F74013D8}
		{AD9970CB-C571-47BB-9B08-9C13F3A7FFFB} = {8C5C2D6F-39DE-43AB-A828-C6F4F74013D8}
		{9F1809B9-766F-46E1-ACC8-C8943763C9D8} = {8C5C2D6F-39DE-43AB-A828-C6F4F74013D8}
		{E3B6B1EB-2D04-4F0B-A88F-55AAEBB39604} = {3E0C6B14-0E15-498C-8087-46447347121A}
		{D6154757-D59A-4847-B918-BB1490763DD6} = {3E0C6B14-0E15-498C-8087-46447347121A}
		{32F5B4FF-19D9-4DFA-B649-FC3CBA62A26A} = {3E0C6B14-0E15-498C-8087-46447347121A}
		{AC22C5C8-46A3-48E5-9EC1-13B8C46FE6D1} = {3E0C6B14-0E15-498C-8087-46447347121A}
	EndGlobalSection
	GlobalSection(ProjectConfigurationPlatforms) = postSolution
		{48B6A489-A846-4E67-8EBD-9E3898B9D004}.Debug|Any CPU.ActiveCfg = Debug|Any CPU
		{48B6A489-A846-4E67-8EBD-9E3898B9D004}.Debug|Any CPU.Build.0 = Debug|Any CPU
		{48B6A489-A846-4E67-8EBD-9E3898B9D004}.Release|Any CPU.ActiveCfg = Release|Any CPU
		{48B6A489-A846-4E67-8EBD-9E3898B9D004}.Release|Any CPU.Build.0 = Release|Any CPU
		{70C5A13B-8E0A-44D1-A1B4-81277458A785}.Debug|Any CPU.ActiveCfg = Debug|Any CPU
		{70C5A13B-8E0A-44D1-A1B4-81277458A785}.Debug|Any CPU.Build.0 = Debug|Any CPU
		{70C5A13B-8E0A-44D1-A1B4-81277458A785}.Release|Any CPU.ActiveCfg = Release|Any CPU
		{70C5A13B-8E0A-44D1-A1B4-81277458A785}.Release|Any CPU.Build.0 = Release|Any CPU
		{AD9970CB-C571-47BB-9B08-9C13F3A7FFFB}.Debug|Any CPU.ActiveCfg = Debug|Any CPU
		{AD9970CB-C571-47BB-9B08-9C13F3A7FFFB}.Debug|Any CPU.Build.0 = Debug|Any CPU
		{AD9970CB-C571-47BB-9B08-9C13F3A7FFFB}.Release|Any CPU.ActiveCfg = Release|Any CPU
		{AD9970CB-C571-47BB-9B08-9C13F3A7FFFB}.Release|Any CPU.Build.0 = Release|Any CPU
		{842E221B-A86E-4A43-B700-9303B6199AE7}.Debug|Any CPU.ActiveCfg = Debug|Any CPU
		{842E221B-A86E-4A43-B700-9303B6199AE7}.Debug|Any CPU.Build.0 = Debug|Any CPU
		{842E221B-A86E-4A43-B700-9303B6199AE7}.Release|Any CPU.ActiveCfg = Release|Any CPU
		{842E221B-A86E-4A43-B700-9303B6199AE7}.Release|Any CPU.Build.0 = Release|Any CPU
		{9F1809B9-766F-46E1-ACC8-C8943763C9D8}.Debug|Any CPU.ActiveCfg = Debug|Any CPU
		{9F1809B9-766F-46E1-ACC8-C8943763C9D8}.Debug|Any CPU.Build.0 = Debug|Any CPU
		{9F1809B9-766F-46E1-ACC8-C8943763C9D8}.Release|Any CPU.ActiveCfg = Release|Any CPU
		{9F1809B9-766F-46E1-ACC8-C8943763C9D8}.Release|Any CPU.Build.0 = Release|Any CPU
		{E3B6B1EB-2D04-4F0B-A88F-55AAEBB39604}.Debug|Any CPU.ActiveCfg = Debug|Any CPU
		{E3B6B1EB-2D04-4F0B-A88F-55AAEBB39604}.Debug|Any CPU.Build.0 = Debug|Any CPU
		{E3B6B1EB-2D04-4F0B-A88F-55AAEBB39604}.Release|Any CPU.ActiveCfg = Release|Any CPU
		{E3B6B1EB-2D04-4F0B-A88F-55AAEBB39604}.Release|Any CPU.Build.0 = Release|Any CPU
		{D6154757-D59A-4847-B918-BB1490763DD6}.Debug|Any CPU.ActiveCfg = Debug|Any CPU
		{D6154757-D59A-4847-B918-BB1490763DD6}.Debug|Any CPU.Build.0 = Debug|Any CPU
		{D6154757-D59A-4847-B918-BB1490763DD6}.Release|Any CPU.ActiveCfg = Release|Any CPU
		{D6154757-D59A-4847-B918-BB1490763DD6}.Release|Any CPU.Build.0 = Release|Any CPU
		{32F5B4FF-19D9-4DFA-B649-FC3CBA62A26A}.Debug|Any CPU.ActiveCfg = Debug|Any CPU
		{32F5B4FF-19D9-4DFA-B649-FC3CBA62A26A}.Debug|Any CPU.Build.0 = Debug|Any CPU
		{32F5B4FF-19D9-4DFA-B649-FC3CBA62A26A}.Release|Any CPU.ActiveCfg = Release|Any CPU
		{32F5B4FF-19D9-4DFA-B649-FC3CBA62A26A}.Release|Any CPU.Build.0 = Release|Any CPU
		{AC22C5C8-46A3-48E5-9EC1-13B8C46FE6D1}.Debug|Any CPU.ActiveCfg = Debug|Any CPU
		{AC22C5C8-46A3-48E5-9EC1-13B8C46FE6D1}.Debug|Any CPU.Build.0 = Debug|Any CPU
		{AC22C5C8-46A3-48E5-9EC1-13B8C46FE6D1}.Release|Any CPU.ActiveCfg = Release|Any CPU
		{AC22C5C8-46A3-48E5-9EC1-13B8C46FE6D1}.Release|Any CPU.Build.0 = Release|Any CPU
	EndGlobalSection
EndGlobal
